
Microsoft Visual Studio Solution File, Format Version 12.00
# Visual Studio Version 16
VisualStudioVersion = 16.0.31729.503
MinimumVisualStudioVersion = 10.0.40219.1
Project("{FAE04EC0-301F-11D3-BF4B-00C04F79EFBC}") = "Hide-Worksheet-Tabs", "Hide-Worksheet-Tabs\Hide-Worksheet-Tabs.csproj", "{11AE1921-C369-4535-A3DD-E2B86821E0C6}"
EndProject
Global
	GlobalSection(SolutionConfigurationPlatforms) = preSolution
		Debug|Any CPU = Debug|Any CPU
		Release|Any CPU = Release|Any CPU
	EndGlobalSection
	GlobalSection(ProjectConfigurationPlatforms) = postSolution
		{11AE1921-C369-4535-A3DD-E2B86821E0C6}.Debug|Any CPU.ActiveCfg = Debug|Any CPU
		{11AE1921-C369-4535-A3DD-E2B86821E0C6}.Debug|Any CPU.Build.0 = Debug|Any CPU
		{11AE1921-C369-4535-A3DD-E2B86821E0C6}.Release|Any CPU.ActiveCfg = Release|Any CPU
		{11AE1921-C369-4535-A3DD-E2B86821E0C6}.Release|Any CPU.Build.0 = Release|Any CPU
	EndGlobalSection
	GlobalSection(SolutionProperties) = preSolution
		HideSolutionNode = FALSE
	EndGlobalSection
	GlobalSection(ExtensibilityGlobals) = postSolution
		SolutionGuid = {AB862FEC-9BAC-4492-8E86-F0730786F248}
	EndGlobalSection
EndGlobal
