
Microsoft Visual Studio Solution File, Format Version 12.00
# Visual Studio Version 16
VisualStudioVersion = 16.0.31729.503
MinimumVisualStudioVersion = 10.0.40219.1
Project("{FAE04EC0-301F-11D3-BF4B-00C04F79EFBC}") = "Hide-Worksheet", "Hide-Worksheet\Hide-Worksheet.csproj", "{791BA601-7ABA-40BB-B037-BB2DDEC97F24}"
EndProject
Global
	GlobalSection(SolutionConfigurationPlatforms) = preSolution
		Debug|Any CPU = Debug|Any CPU
		Release|Any CPU = Release|Any CPU
	EndGlobalSection
	GlobalSection(ProjectConfigurationPlatforms) = postSolution
		{791BA601-7ABA-40BB-B037-BB2DDEC97F24}.Debug|Any CPU.ActiveCfg = Debug|Any CPU
		{791BA601-7ABA-40BB-B037-BB2DDEC97F24}.Debug|Any CPU.Build.0 = Debug|Any CPU
		{791BA601-7ABA-40BB-B037-BB2DDEC97F24}.Release|Any CPU.ActiveCfg = Release|Any CPU
		{791BA601-7ABA-40BB-B037-BB2DDEC97F24}.Release|Any CPU.Build.0 = Release|Any CPU
	EndGlobalSection
	GlobalSection(SolutionProperties) = preSolution
		HideSolutionNode = FALSE
	EndGlobalSection
	GlobalSection(ExtensibilityGlobals) = postSolution
		SolutionGuid = {32B333D2-1575-49CE-91B8-EC4A233F421C}
	EndGlobalSection
EndGlobal
