
Microsoft Visual Studio Solution File, Format Version 12.00
# Visual Studio Version 16
VisualStudioVersion = 16.0.31729.503
MinimumVisualStudioVersion = 10.0.40219.1
Project("{FAE04EC0-301F-11D3-BF4B-00C04F79EFBC}") = "Move-Worksheet", "Move-Worksheet\Move-Worksheet.csproj", "{0406E10B-3670-4A5B-8D6B-8E32114B601C}"
EndProject
Global
	GlobalSection(SolutionConfigurationPlatforms) = preSolution
		Debug|Any CPU = Debug|Any CPU
		Release|Any CPU = Release|Any CPU
	EndGlobalSection
	GlobalSection(ProjectConfigurationPlatforms) = postSolution
		{0406E10B-3670-4A5B-8D6B-8E32114B601C}.Debug|Any CPU.ActiveCfg = Debug|Any CPU
		{0406E10B-3670-4A5B-8D6B-8E32114B601C}.Debug|Any CPU.Build.0 = Debug|Any CPU
		{0406E10B-3670-4A5B-8D6B-8E32114B601C}.Release|Any CPU.ActiveCfg = Release|Any CPU
		{0406E10B-3670-4A5B-8D6B-8E32114B601C}.Release|Any CPU.Build.0 = Release|Any CPU
	EndGlobalSection
	GlobalSection(SolutionProperties) = preSolution
		HideSolutionNode = FALSE
	EndGlobalSection
	GlobalSection(ExtensibilityGlobals) = postSolution
		SolutionGuid = {F68B2F53-5822-471A-9B64-E46AE4F90F65}
	EndGlobalSection
EndGlobal
