
Microsoft Visual Studio Solution File, Format Version 12.00
# Visual Studio Version 16
VisualStudioVersion = 16.0.31729.503
MinimumVisualStudioVersion = 10.0.40219.1
Project("{FAE04EC0-301F-11D3-BF4B-00C04F79EFBC}") = "Autofit-Rows-Columns", "Autofit-Rows-Columns\Autofit-Rows-Columns.csproj", "{37D3F817-6A9D-46C9-9CDA-18F0999E757F}"
EndProject
Global
	GlobalSection(SolutionConfigurationPlatforms) = preSolution
		Debug|Any CPU = Debug|Any CPU
		Release|Any CPU = Release|Any CPU
	EndGlobalSection
	GlobalSection(ProjectConfigurationPlatforms) = postSolution
		{37D3F817-6A9D-46C9-9CDA-18F0999E757F}.Debug|Any CPU.ActiveCfg = Debug|Any CPU
		{37D3F817-6A9D-46C9-9CDA-18F0999E757F}.Debug|Any CPU.Build.0 = Debug|Any CPU
		{37D3F817-6A9D-46C9-9CDA-18F0999E757F}.Release|Any CPU.ActiveCfg = Release|Any CPU
		{37D3F817-6A9D-46C9-9CDA-18F0999E757F}.Release|Any CPU.Build.0 = Release|Any CPU
	EndGlobalSection
	GlobalSection(SolutionProperties) = preSolution
		HideSolutionNode = FALSE
	EndGlobalSection
	GlobalSection(ExtensibilityGlobals) = postSolution
		SolutionGuid = {141B0B6D-384A-4FD9-9B7B-D03BDBFB2FD0}
	EndGlobalSection
EndGlobal
