
Microsoft Visual Studio Solution File, Format Version 12.00
# Visual Studio Version 16
VisualStudioVersion = 16.0.31729.503
MinimumVisualStudioVersion = 10.0.40219.1
Project("{FAE04EC0-301F-11D3-BF4B-00C04F79EFBC}") = "Save-HTML", "Save-HTML\Save-HTML.csproj", "{890BBE8F-1734-4844-A567-4E2D6A107EB7}"
EndProject
Global
	GlobalSection(SolutionConfigurationPlatforms) = preSolution
		Debug|Any CPU = Debug|Any CPU
		Release|Any CPU = Release|Any CPU
	EndGlobalSection
	GlobalSection(ProjectConfigurationPlatforms) = postSolution
		{890BBE8F-1734-4844-A567-4E2D6A107EB7}.Debug|Any CPU.ActiveCfg = Debug|Any CPU
		{890BBE8F-1734-4844-A567-4E2D6A107EB7}.Debug|Any CPU.Build.0 = Debug|Any CPU
		{890BBE8F-1734-4844-A567-4E2D6A107EB7}.Release|Any CPU.ActiveCfg = Release|Any CPU
		{890BBE8F-1734-4844-A567-4E2D6A107EB7}.Release|Any CPU.Build.0 = Release|Any CPU
	EndGlobalSection
	GlobalSection(SolutionProperties) = preSolution
		HideSolutionNode = FALSE
	EndGlobalSection
	GlobalSection(ExtensibilityGlobals) = postSolution
		SolutionGuid = {B5A6CA7F-1E27-4AD3-A4E0-D45B01176719}
	EndGlobalSection
EndGlobal
