
Microsoft Visual Studio Solution File, Format Version 12.00
# Visual Studio Version 16
VisualStudioVersion = 16.0.31729.503
MinimumVisualStudioVersion = 10.0.40219.1
Project("{FAE04EC0-301F-11D3-BF4B-00C04F79EFBC}") = "Group-Ungroup-Rows-Columns", "Group-Ungroup-Rows-Columns\Group-Ungroup-Rows-Columns.csproj", "{C5BA3EAD-3FB0-4C4D-91E5-CC7AE562E054}"
EndProject
Global
	GlobalSection(SolutionConfigurationPlatforms) = preSolution
		Debug|Any CPU = Debug|Any CPU
		Release|Any CPU = Release|Any CPU
	EndGlobalSection
	GlobalSection(ProjectConfigurationPlatforms) = postSolution
		{C5BA3EAD-3FB0-4C4D-91E5-CC7AE562E054}.Debug|Any CPU.ActiveCfg = Debug|Any CPU
		{C5BA3EAD-3FB0-4C4D-91E5-CC7AE562E054}.Debug|Any CPU.Build.0 = Debug|Any CPU
		{C5BA3EAD-3FB0-4C4D-91E5-CC7AE562E054}.Release|Any CPU.ActiveCfg = Release|Any CPU
		{C5BA3EAD-3FB0-4C4D-91E5-CC7AE562E054}.Release|Any CPU.Build.0 = Release|Any CPU
	EndGlobalSection
	GlobalSection(SolutionProperties) = preSolution
		HideSolutionNode = FALSE
	EndGlobalSection
	GlobalSection(ExtensibilityGlobals) = postSolution
		SolutionGuid = {73F673D6-6AFB-4593-B7CC-5D8E6DE77441}
	EndGlobalSection
EndGlobal
